
Microsoft Visual Studio Solution File, Format Version 12.00
# Visual Studio Version 17
VisualStudioVersion = 17.0.32112.339
MinimumVisualStudioVersion = 10.0.40219.1
Project("{FAE04EC0-301F-11D3-BF4B-00C04F79EFBC}") = "helloWorld", "helloWorld\helloWorld.csproj", "{2890C22A-A10A-4CFB-B451-8C911780474A}"
EndProject
Global
	GlobalSection(SolutionConfigurationPlatforms) = preSolution
		Debug|Any CPU = Debug|Any CPU
		Release|Any CPU = Release|Any CPU
	EndGlobalSection
	GlobalSection(ProjectConfigurationPlatforms) = postSolution
		{2890C22A-A10A-4CFB-B451-8C911780474A}.Debug|Any CPU.ActiveCfg = Debug|Any CPU
		{2890C22A-A10A-4CFB-B451-8C911780474A}.Debug|Any CPU.Build.0 = Debug|Any CPU
		{2890C22A-A10A-4CFB-B451-8C911780474A}.Release|Any CPU.ActiveCfg = Release|Any CPU
		{2890C22A-A10A-4CFB-B451-8C911780474A}.Release|Any CPU.Build.0 = Release|Any CPU
	EndGlobalSection
	GlobalSection(SolutionProperties) = preSolution
		HideSolutionNode = FALSE
	EndGlobalSection
	GlobalSection(ExtensibilityGlobals) = postSolution
		SolutionGuid = {12CBA6A2-BADF-4B81-9E10-34753766CE1A}
	EndGlobalSection
EndGlobal
