
Microsoft Visual Studio Solution File, Format Version 12.00
# Visual Studio Version 17
VisualStudioVersion = 17.0.32112.339
MinimumVisualStudioVersion = 10.0.40219.1
Project("{FAE04EC0-301F-11D3-BF4B-00C04F79EFBC}") = "FuelEconomy", "FuelEconomy\FuelEconomy.csproj", "{6B7FFBBE-4A78-4323-9777-E3917A5DD277}"
EndProject
Global
	GlobalSection(SolutionConfigurationPlatforms) = preSolution
		Debug|Any CPU = Debug|Any CPU
		Release|Any CPU = Release|Any CPU
	EndGlobalSection
	GlobalSection(ProjectConfigurationPlatforms) = postSolution
		{6B7FFBBE-4A78-4323-9777-E3917A5DD277}.Debug|Any CPU.ActiveCfg = Debug|Any CPU
		{6B7FFBBE-4A78-4323-9777-E3917A5DD277}.Debug|Any CPU.Build.0 = Debug|Any CPU
		{6B7FFBBE-4A78-4323-9777-E3917A5DD277}.Release|Any CPU.ActiveCfg = Release|Any CPU
		{6B7FFBBE-4A78-4323-9777-E3917A5DD277}.Release|Any CPU.Build.0 = Release|Any CPU
	EndGlobalSection
	GlobalSection(SolutionProperties) = preSolution
		HideSolutionNode = FALSE
	EndGlobalSection
	GlobalSection(ExtensibilityGlobals) = postSolution
		SolutionGuid = {DE527547-BE0D-480D-B9E8-8D5AE945C904}
	EndGlobalSection
EndGlobal
